// !$*UTF8*$!
{
	archiveVersion = 1;
	classes = {
	};
	objectVersion = 48;
	objects = {

/* Begin PBXBuildFile section */
		B457CB25209DA4EF008BF570 /* JsonWebRequest.swift in Sources */ = {isa = PBXBuildFile; fileRef = B457CB24209DA4EF008BF570 /* JsonWebRequest.swift */; };
		B457CB28209DA92F008BF570 /* RemoteHost.swift in Sources */ = {isa = PBXBuildFile; fileRef = B457CB27209DA92F008BF570 /* RemoteHost.swift */; };
		B457CB2A209DA93C008BF570 /* ImageServiceRemoteHost.swift in Sources */ = {isa = PBXBuildFile; fileRef = B457CB29209DA93C008BF570 /* ImageServiceRemoteHost.swift */; };
		B457CB2C209DAA1E008BF570 /* RestRemoteHost.swift in Sources */ = {isa = PBXBuildFile; fileRef = B457CB2B209DAA1E008BF570 /* RestRemoteHost.swift */; };
		B4A62CF8206990A100C757E4 /* PopularMoviesViewController.swift in Sources */ = {isa = PBXBuildFile; fileRef = B4A62CF7206990A100C757E4 /* PopularMoviesViewController.swift */; };
		B4A62CFA206990AF00C757E4 /* PopularMoviesViewModel.swift in Sources */ = {isa = PBXBuildFile; fileRef = B4A62CF9206990AF00C757E4 /* PopularMoviesViewModel.swift */; };
		B4A62CFC206990C700C757E4 /* PopularMoviesDefaultViewModel.swift in Sources */ = {isa = PBXBuildFile; fileRef = B4A62CFB206990C700C757E4 /* PopularMoviesDefaultViewModel.swift */; };
		B4A62CFF2069910800C757E4 /* PopularMoviesTableViewCell.swift in Sources */ = {isa = PBXBuildFile; fileRef = B4A62CFE2069910800C757E4 /* PopularMoviesTableViewCell.swift */; };
		B4A62D012069912700C757E4 /* PopularMoviesCoordinator.swift in Sources */ = {isa = PBXBuildFile; fileRef = B4A62D002069912700C757E4 /* PopularMoviesCoordinator.swift */; };
		B4A62D032069917500C757E4 /* MovieViewController.swift in Sources */ = {isa = PBXBuildFile; fileRef = B4A62D022069917500C757E4 /* MovieViewController.swift */; };
		B4A62D052069918100C757E4 /* MovieView.swift in Sources */ = {isa = PBXBuildFile; fileRef = B4A62D042069918100C757E4 /* MovieView.swift */; };
		B4A62D072069918B00C757E4 /* MovieCoordinator.swift in Sources */ = {isa = PBXBuildFile; fileRef = B4A62D062069918B00C757E4 /* MovieCoordinator.swift */; };
		B4A62D0C2069920100C757E4 /* Coordinator.swift in Sources */ = {isa = PBXBuildFile; fileRef = B4A62D0B2069920100C757E4 /* Coordinator.swift */; };
		B4A62D0E206992DB00C757E4 /* AppCoordinator.swift in Sources */ = {isa = PBXBuildFile; fileRef = B4A62D0D206992DB00C757E4 /* AppCoordinator.swift */; };
		B4A62D102069952A00C757E4 /* Rootable.swift in Sources */ = {isa = PBXBuildFile; fileRef = B4A62D0F2069952A00C757E4 /* Rootable.swift */; };
		B4A62D122069953200C757E4 /* Navigationable.swift in Sources */ = {isa = PBXBuildFile; fileRef = B4A62D112069953200C757E4 /* Navigationable.swift */; };
		B4A62D152069A86E00C757E4 /* FilmData.swift in Sources */ = {isa = PBXBuildFile; fileRef = B4A62D142069A86E00C757E4 /* FilmData.swift */; };
		B4A62D172069A9AD00C757E4 /* PopularMoviesData.swift in Sources */ = {isa = PBXBuildFile; fileRef = B4A62D162069A9AD00C757E4 /* PopularMoviesData.swift */; };
		B4A8D8A9206ADF850046C6A5 /* MoviesService.swift in Sources */ = {isa = PBXBuildFile; fileRef = B4A8D8A8206ADF850046C6A5 /* MoviesService.swift */; };
		B4A8D8AB206ADF8C0046C6A5 /* MoviesWebService.swift in Sources */ = {isa = PBXBuildFile; fileRef = B4A8D8AA206ADF8C0046C6A5 /* MoviesWebService.swift */; };
		B4A8D8B3206AF2400046C6A5 /* MovieViewModel.swift in Sources */ = {isa = PBXBuildFile; fileRef = B4A8D8B2206AF2400046C6A5 /* MovieViewModel.swift */; };
		B4A8D8B5206AF7890046C6A5 /* PopularMoviesTableViewCell.xib in Resources */ = {isa = PBXBuildFile; fileRef = B4A8D8B4206AF7890046C6A5 /* PopularMoviesTableViewCell.xib */; };
		B4B00306206989CE00D0BE8A /* AppDelegate.swift in Sources */ = {isa = PBXBuildFile; fileRef = B4B00305206989CE00D0BE8A /* AppDelegate.swift */; };
		B4B0030E206989CE00D0BE8A /* moviz.xcdatamodeld in Sources */ = {isa = PBXBuildFile; fileRef = B4B0030C206989CE00D0BE8A /* moviz.xcdatamodeld */; };
		B4B00310206989CE00D0BE8A /* Assets.xcassets in Resources */ = {isa = PBXBuildFile; fileRef = B4B0030F206989CE00D0BE8A /* Assets.xcassets */; };
		B4B00313206989CE00D0BE8A /* LaunchScreen.storyboard in Resources */ = {isa = PBXBuildFile; fileRef = B4B00311206989CE00D0BE8A /* LaunchScreen.storyboard */; };
		B4B0031E206989CE00D0BE8A /* MovizTests.swift in Sources */ = {isa = PBXBuildFile; fileRef = B4B0031D206989CE00D0BE8A /* MovizTests.swift */; };
		B4B00329206989CE00D0BE8A /* MovizUITests.swift in Sources */ = {isa = PBXBuildFile; fileRef = B4B00328206989CE00D0BE8A /* MovizUITests.swift */; };
		B4C45387209CEC6000DF7B5E /* NetworkDispatcher.swift in Sources */ = {isa = PBXBuildFile; fileRef = B4C45386209CEC6000DF7B5E /* NetworkDispatcher.swift */; };
		B4C45389209CEC9E00DF7B5E /* NetworkHTTPDispatcher.swift in Sources */ = {isa = PBXBuildFile; fileRef = B4C45388209CEC9E00DF7B5E /* NetworkHTTPDispatcher.swift */; };
		B4C4538D209CEF8D00DF7B5E /* RxCocoa.framework in Frameworks */ = {isa = PBXBuildFile; fileRef = B4C4538B209CEF8D00DF7B5E /* RxCocoa.framework */; };
		B4C4538E209CEF8D00DF7B5E /* RxSwift.framework in Frameworks */ = {isa = PBXBuildFile; fileRef = B4C4538C209CEF8D00DF7B5E /* RxSwift.framework */; };
		B4C45390209CF0E000DF7B5E /* Request.swift in Sources */ = {isa = PBXBuildFile; fileRef = B4C4538F209CF0E000DF7B5E /* Request.swift */; };
		B4C45392209CF43100DF7B5E /* Resource.swift in Sources */ = {isa = PBXBuildFile; fileRef = B4C45391209CF43100DF7B5E /* Resource.swift */; };
		B4C45396209D0DCB00DF7B5E /* NetworkService.swift in Sources */ = {isa = PBXBuildFile; fileRef = B4C45395209D0DCB00DF7B5E /* NetworkService.swift */; };
		B4C45398209D0E9400DF7B5E /* NetworkWebService.swift in Sources */ = {isa = PBXBuildFile; fileRef = B4C45397209D0E9400DF7B5E /* NetworkWebService.swift */; };
		B4D6FBFC209F3F1200E65198 /* FilmPosterService.swift in Sources */ = {isa = PBXBuildFile; fileRef = B4D6FBFB209F3F1200E65198 /* FilmPosterService.swift */; };
		B4D6FBFE209F3F1C00E65198 /* FilmPosterWebService.swift in Sources */ = {isa = PBXBuildFile; fileRef = B4D6FBFD209F3F1C00E65198 /* FilmPosterWebService.swift */; };
		CF54CE43206D625800A4CB38 /* AppDateFormatter.swift in Sources */ = {isa = PBXBuildFile; fileRef = CF54CE42206D625800A4CB38 /* AppDateFormatter.swift */; };
		CF54CE4A206D9A8F00A4CB38 /* AppDateFormatterTests.swift in Sources */ = {isa = PBXBuildFile; fileRef = CF54CE49206D9A8F00A4CB38 /* AppDateFormatterTests.swift */; };
		CF54CE4D206DA13C00A4CB38 /* AppCoordinatorTests.swift in Sources */ = {isa = PBXBuildFile; fileRef = CF54CE4C206DA13C00A4CB38 /* AppCoordinatorTests.swift */; };
		CF54CE52206DA48E00A4CB38 /* MovieCoordinatorTests.swift in Sources */ = {isa = PBXBuildFile; fileRef = CF54CE51206DA48E00A4CB38 /* MovieCoordinatorTests.swift */; };
		CF756450206CCF7E00618AEC /* MovieView.xib in Resources */ = {isa = PBXBuildFile; fileRef = CF75644F206CCF7E00618AEC /* MovieView.xib */; };
		CFCF063B206E3F1B00FF489B /* MovieViewModelTests.swift in Sources */ = {isa = PBXBuildFile; fileRef = CFCF063A206E3F1B00FF489B /* MovieViewModelTests.swift */; };
		CFCF063D206E4AB200FF489B /* PopularMoviesCoordinatorTests.swift in Sources */ = {isa = PBXBuildFile; fileRef = CFCF063C206E4AB200FF489B /* PopularMoviesCoordinatorTests.swift */; };
		CFCF063F206E4AC000FF489B /* PopularMoviesDefaultViewModelTests.swift in Sources */ = {isa = PBXBuildFile; fileRef = CFCF063E206E4AC000FF489B /* PopularMoviesDefaultViewModelTests.swift */; };
		CFCF0641206E4E3400FF489B /* MoviesWebServiceTests.swift in Sources */ = {isa = PBXBuildFile; fileRef = CFCF0640206E4E3400FF489B /* MoviesWebServiceTests.swift */; };
		CFCF0643206E59F000FF489B /* NetworkDefaultRequesterTests.swift in Sources */ = {isa = PBXBuildFile; fileRef = CFCF0642206E59F000FF489B /* NetworkDefaultRequesterTests.swift */; };
		CFCF0645206E5D4700FF489B /* NetworkWebServiceTests.swift in Sources */ = {isa = PBXBuildFile; fileRef = CFCF0644206E5D4700FF489B /* NetworkWebServiceTests.swift */; };
/* End PBXBuildFile section */

/* Begin PBXContainerItemProxy section */
		B4B0031A206989CE00D0BE8A /* PBXContainerItemProxy */ = {
			isa = PBXContainerItemProxy;
			containerPortal = B4B002FA206989CE00D0BE8A /* Project object */;
			proxyType = 1;
			remoteGlobalIDString = B4B00301206989CE00D0BE8A;
			remoteInfo = moviz;
		};
		B4B00325206989CE00D0BE8A /* PBXContainerItemProxy */ = {
			isa = PBXContainerItemProxy;
			containerPortal = B4B002FA206989CE00D0BE8A /* Project object */;
			proxyType = 1;
			remoteGlobalIDString = B4B00301206989CE00D0BE8A;
			remoteInfo = moviz;
		};
/* End PBXContainerItemProxy section */

/* Begin PBXFileReference section */
		B457CB24209DA4EF008BF570 /* JsonWebRequest.swift */ = {isa = PBXFileReference; lastKnownFileType = sourcecode.swift; path = JsonWebRequest.swift; sourceTree = "<group>"; };
		B457CB27209DA92F008BF570 /* RemoteHost.swift */ = {isa = PBXFileReference; lastKnownFileType = sourcecode.swift; path = RemoteHost.swift; sourceTree = "<group>"; };
		B457CB29209DA93C008BF570 /* ImageServiceRemoteHost.swift */ = {isa = PBXFileReference; lastKnownFileType = sourcecode.swift; path = ImageServiceRemoteHost.swift; sourceTree = "<group>"; };
		B457CB2B209DAA1E008BF570 /* RestRemoteHost.swift */ = {isa = PBXFileReference; lastKnownFileType = sourcecode.swift; path = RestRemoteHost.swift; sourceTree = "<group>"; };
		B4A62CF7206990A100C757E4 /* PopularMoviesViewController.swift */ = {isa = PBXFileReference; lastKnownFileType = sourcecode.swift; path = PopularMoviesViewController.swift; sourceTree = "<group>"; };
		B4A62CF9206990AF00C757E4 /* PopularMoviesViewModel.swift */ = {isa = PBXFileReference; lastKnownFileType = sourcecode.swift; path = PopularMoviesViewModel.swift; sourceTree = "<group>"; };
		B4A62CFB206990C700C757E4 /* PopularMoviesDefaultViewModel.swift */ = {isa = PBXFileReference; lastKnownFileType = sourcecode.swift; path = PopularMoviesDefaultViewModel.swift; sourceTree = "<group>"; };
		B4A62CFE2069910800C757E4 /* PopularMoviesTableViewCell.swift */ = {isa = PBXFileReference; lastKnownFileType = sourcecode.swift; path = PopularMoviesTableViewCell.swift; sourceTree = "<group>"; };
		B4A62D002069912700C757E4 /* PopularMoviesCoordinator.swift */ = {isa = PBXFileReference; lastKnownFileType = sourcecode.swift; path = PopularMoviesCoordinator.swift; sourceTree = "<group>"; };
		B4A62D022069917500C757E4 /* MovieViewController.swift */ = {isa = PBXFileReference; lastKnownFileType = sourcecode.swift; path = MovieViewController.swift; sourceTree = "<group>"; };
		B4A62D042069918100C757E4 /* MovieView.swift */ = {isa = PBXFileReference; lastKnownFileType = sourcecode.swift; path = MovieView.swift; sourceTree = "<group>"; };
		B4A62D062069918B00C757E4 /* MovieCoordinator.swift */ = {isa = PBXFileReference; lastKnownFileType = sourcecode.swift; path = MovieCoordinator.swift; sourceTree = "<group>"; };
		B4A62D0B2069920100C757E4 /* Coordinator.swift */ = {isa = PBXFileReference; lastKnownFileType = sourcecode.swift; path = Coordinator.swift; sourceTree = "<group>"; };
		B4A62D0D206992DB00C757E4 /* AppCoordinator.swift */ = {isa = PBXFileReference; lastKnownFileType = sourcecode.swift; path = AppCoordinator.swift; sourceTree = "<group>"; };
		B4A62D0F2069952A00C757E4 /* Rootable.swift */ = {isa = PBXFileReference; lastKnownFileType = sourcecode.swift; path = Rootable.swift; sourceTree = "<group>"; };
		B4A62D112069953200C757E4 /* Navigationable.swift */ = {isa = PBXFileReference; lastKnownFileType = sourcecode.swift; path = Navigationable.swift; sourceTree = "<group>"; };
		B4A62D142069A86E00C757E4 /* FilmData.swift */ = {isa = PBXFileReference; lastKnownFileType = sourcecode.swift; path = FilmData.swift; sourceTree = "<group>"; };
		B4A62D162069A9AD00C757E4 /* PopularMoviesData.swift */ = {isa = PBXFileReference; lastKnownFileType = sourcecode.swift; path = PopularMoviesData.swift; sourceTree = "<group>"; };
		B4A8D8A8206ADF850046C6A5 /* MoviesService.swift */ = {isa = PBXFileReference; lastKnownFileType = sourcecode.swift; path = MoviesService.swift; sourceTree = "<group>"; };
		B4A8D8AA206ADF8C0046C6A5 /* MoviesWebService.swift */ = {isa = PBXFileReference; lastKnownFileType = sourcecode.swift; path = MoviesWebService.swift; sourceTree = "<group>"; };
		B4A8D8B2206AF2400046C6A5 /* MovieViewModel.swift */ = {isa = PBXFileReference; lastKnownFileType = sourcecode.swift; path = MovieViewModel.swift; sourceTree = "<group>"; };
		B4A8D8B4206AF7890046C6A5 /* PopularMoviesTableViewCell.xib */ = {isa = PBXFileReference; lastKnownFileType = file.xib; path = PopularMoviesTableViewCell.xib; sourceTree = "<group>"; };
		B4B00302206989CE00D0BE8A /* moviz.app */ = {isa = PBXFileReference; explicitFileType = wrapper.application; includeInIndex = 0; path = moviz.app; sourceTree = BUILT_PRODUCTS_DIR; };
		B4B00305206989CE00D0BE8A /* AppDelegate.swift */ = {isa = PBXFileReference; lastKnownFileType = sourcecode.swift; path = AppDelegate.swift; sourceTree = "<group>"; };
		B4B0030D206989CE00D0BE8A /* moviz.xcdatamodel */ = {isa = PBXFileReference; lastKnownFileType = wrapper.xcdatamodel; path = moviz.xcdatamodel; sourceTree = "<group>"; };
		B4B0030F206989CE00D0BE8A /* Assets.xcassets */ = {isa = PBXFileReference; lastKnownFileType = folder.assetcatalog; path = Assets.xcassets; sourceTree = "<group>"; };
		B4B00312206989CE00D0BE8A /* Base */ = {isa = PBXFileReference; lastKnownFileType = file.storyboard; name = Base; path = Base.lproj/LaunchScreen.storyboard; sourceTree = "<group>"; };
		B4B00314206989CE00D0BE8A /* Info.plist */ = {isa = PBXFileReference; lastKnownFileType = text.plist.xml; path = Info.plist; sourceTree = "<group>"; };
		B4B00319206989CE00D0BE8A /* movizTests.xctest */ = {isa = PBXFileReference; explicitFileType = wrapper.cfbundle; includeInIndex = 0; path = movizTests.xctest; sourceTree = BUILT_PRODUCTS_DIR; };
		B4B0031D206989CE00D0BE8A /* MovizTests.swift */ = {isa = PBXFileReference; lastKnownFileType = sourcecode.swift; path = MovizTests.swift; sourceTree = "<group>"; };
		B4B0031F206989CE00D0BE8A /* Info.plist */ = {isa = PBXFileReference; lastKnownFileType = text.plist.xml; path = Info.plist; sourceTree = "<group>"; };
		B4B00324206989CE00D0BE8A /* movizUITests.xctest */ = {isa = PBXFileReference; explicitFileType = wrapper.cfbundle; includeInIndex = 0; path = movizUITests.xctest; sourceTree = BUILT_PRODUCTS_DIR; };
		B4B00328206989CE00D0BE8A /* MovizUITests.swift */ = {isa = PBXFileReference; lastKnownFileType = sourcecode.swift; path = MovizUITests.swift; sourceTree = "<group>"; };
		B4B0032A206989CE00D0BE8A /* Info.plist */ = {isa = PBXFileReference; lastKnownFileType = text.plist.xml; path = Info.plist; sourceTree = "<group>"; };
		B4C45386209CEC6000DF7B5E /* NetworkDispatcher.swift */ = {isa = PBXFileReference; lastKnownFileType = sourcecode.swift; path = NetworkDispatcher.swift; sourceTree = "<group>"; };
		B4C45388209CEC9E00DF7B5E /* NetworkHTTPDispatcher.swift */ = {isa = PBXFileReference; lastKnownFileType = sourcecode.swift; path = NetworkHTTPDispatcher.swift; sourceTree = "<group>"; };
		B4C4538B209CEF8D00DF7B5E /* RxCocoa.framework */ = {isa = PBXFileReference; lastKnownFileType = wrapper.framework; name = RxCocoa.framework; path = Carthage/Build/iOS/RxCocoa.framework; sourceTree = "<group>"; };
		B4C4538C209CEF8D00DF7B5E /* RxSwift.framework */ = {isa = PBXFileReference; lastKnownFileType = wrapper.framework; name = RxSwift.framework; path = Carthage/Build/iOS/RxSwift.framework; sourceTree = "<group>"; };
		B4C4538F209CF0E000DF7B5E /* Request.swift */ = {isa = PBXFileReference; lastKnownFileType = sourcecode.swift; path = Request.swift; sourceTree = "<group>"; };
		B4C45391209CF43100DF7B5E /* Resource.swift */ = {isa = PBXFileReference; lastKnownFileType = sourcecode.swift; path = Resource.swift; sourceTree = "<group>"; };
		B4C45395209D0DCB00DF7B5E /* NetworkService.swift */ = {isa = PBXFileReference; lastKnownFileType = sourcecode.swift; path = NetworkService.swift; sourceTree = "<group>"; };
		B4C45397209D0E9400DF7B5E /* NetworkWebService.swift */ = {isa = PBXFileReference; lastKnownFileType = sourcecode.swift; path = NetworkWebService.swift; sourceTree = "<group>"; };
		B4D6FBFB209F3F1200E65198 /* FilmPosterService.swift */ = {isa = PBXFileReference; lastKnownFileType = sourcecode.swift; path = FilmPosterService.swift; sourceTree = "<group>"; };
		B4D6FBFD209F3F1C00E65198 /* FilmPosterWebService.swift */ = {isa = PBXFileReference; lastKnownFileType = sourcecode.swift; path = FilmPosterWebService.swift; sourceTree = "<group>"; };
		CF54CE42206D625800A4CB38 /* AppDateFormatter.swift */ = {isa = PBXFileReference; lastKnownFileType = sourcecode.swift; path = AppDateFormatter.swift; sourceTree = "<group>"; };
		CF54CE49206D9A8F00A4CB38 /* AppDateFormatterTests.swift */ = {isa = PBXFileReference; lastKnownFileType = sourcecode.swift; path = AppDateFormatterTests.swift; sourceTree = "<group>"; };
		CF54CE4C206DA13C00A4CB38 /* AppCoordinatorTests.swift */ = {isa = PBXFileReference; lastKnownFileType = sourcecode.swift; path = AppCoordinatorTests.swift; sourceTree = "<group>"; };
		CF54CE51206DA48E00A4CB38 /* MovieCoordinatorTests.swift */ = {isa = PBXFileReference; lastKnownFileType = sourcecode.swift; path = MovieCoordinatorTests.swift; sourceTree = "<group>"; };
		CF75644F206CCF7E00618AEC /* MovieView.xib */ = {isa = PBXFileReference; lastKnownFileType = file.xib; path = MovieView.xib; sourceTree = "<group>"; };
		CFCF063A206E3F1B00FF489B /* MovieViewModelTests.swift */ = {isa = PBXFileReference; lastKnownFileType = sourcecode.swift; path = MovieViewModelTests.swift; sourceTree = "<group>"; };
		CFCF063C206E4AB200FF489B /* PopularMoviesCoordinatorTests.swift */ = {isa = PBXFileReference; lastKnownFileType = sourcecode.swift; path = PopularMoviesCoordinatorTests.swift; sourceTree = "<group>"; };
		CFCF063E206E4AC000FF489B /* PopularMoviesDefaultViewModelTests.swift */ = {isa = PBXFileReference; lastKnownFileType = sourcecode.swift; path = PopularMoviesDefaultViewModelTests.swift; sourceTree = "<group>"; };
		CFCF0640206E4E3400FF489B /* MoviesWebServiceTests.swift */ = {isa = PBXFileReference; lastKnownFileType = sourcecode.swift; path = MoviesWebServiceTests.swift; sourceTree = "<group>"; };
		CFCF0642206E59F000FF489B /* NetworkDefaultRequesterTests.swift */ = {isa = PBXFileReference; lastKnownFileType = sourcecode.swift; path = NetworkDefaultRequesterTests.swift; sourceTree = "<group>"; };
		CFCF0644206E5D4700FF489B /* NetworkWebServiceTests.swift */ = {isa = PBXFileReference; lastKnownFileType = sourcecode.swift; path = NetworkWebServiceTests.swift; sourceTree = "<group>"; };
/* End PBXFileReference section */

/* Begin PBXFrameworksBuildPhase section */
		B4B002FF206989CE00D0BE8A /* Frameworks */ = {
			isa = PBXFrameworksBuildPhase;
			buildActionMask = 2147483647;
			files = (
				B4C4538D209CEF8D00DF7B5E /* RxCocoa.framework in Frameworks */,
				B4C4538E209CEF8D00DF7B5E /* RxSwift.framework in Frameworks */,
			);
			runOnlyForDeploymentPostprocessing = 0;
		};
		B4B00316206989CE00D0BE8A /* Frameworks */ = {
			isa = PBXFrameworksBuildPhase;
			buildActionMask = 2147483647;
			files = (
			);
			runOnlyForDeploymentPostprocessing = 0;
		};
		B4B00321206989CE00D0BE8A /* Frameworks */ = {
			isa = PBXFrameworksBuildPhase;
			buildActionMask = 2147483647;
			files = (
			);
			runOnlyForDeploymentPostprocessing = 0;
		};
/* End PBXFrameworksBuildPhase section */

/* Begin PBXGroup section */
		B457CB26209DA90F008BF570 /* host */ = {
			isa = PBXGroup;
			children = (
				B457CB27209DA92F008BF570 /* RemoteHost.swift */,
				B457CB2B209DAA1E008BF570 /* RestRemoteHost.swift */,
				B457CB29209DA93C008BF570 /* ImageServiceRemoteHost.swift */,
			);
			path = host;
			sourceTree = "<group>";
		};
		B457CB2D209DD4AC008BF570 /* request */ = {
			isa = PBXGroup;
			children = (
				B4C4538F209CF0E000DF7B5E /* Request.swift */,
				B457CB24209DA4EF008BF570 /* JsonWebRequest.swift */,
			);
			path = request;
			sourceTree = "<group>";
		};
		B457CB2E209DD4B5008BF570 /* resource */ = {
			isa = PBXGroup;
			children = (
				B4C45391209CF43100DF7B5E /* Resource.swift */,
			);
			path = resource;
			sourceTree = "<group>";
		};
		B457CB2F209DD4BF008BF570 /* dispatcher */ = {
			isa = PBXGroup;
			children = (
				B4C45386209CEC6000DF7B5E /* NetworkDispatcher.swift */,
				B4C45388209CEC9E00DF7B5E /* NetworkHTTPDispatcher.swift */,
			);
			path = dispatcher;
			sourceTree = "<group>";
		};
		B4A62CF020698C1100C757E4 /* features */ = {
			isa = PBXGroup;
			children = (
				B4A62CF220698C5000C757E4 /* popularMovies */,
				B4A62CF62069908300C757E4 /* movie */,
			);
			path = features;
			sourceTree = "<group>";
		};
		B4A62CF120698C2D00C757E4 /* services */ = {
			isa = PBXGroup;
			children = (
				B4C45385209CEC3D00DF7B5E /* network */,
				B4A8D8A8206ADF850046C6A5 /* MoviesService.swift */,
				B4A8D8AA206ADF8C0046C6A5 /* MoviesWebService.swift */,
				B4D6FBFB209F3F1200E65198 /* FilmPosterService.swift */,
				B4D6FBFD209F3F1C00E65198 /* FilmPosterWebService.swift */,
			);
			path = services;
			sourceTree = "<group>";
		};
		B4A62CF220698C5000C757E4 /* popularMovies */ = {
			isa = PBXGroup;
			children = (
				B4A62D002069912700C757E4 /* PopularMoviesCoordinator.swift */,
				B4A62CF9206990AF00C757E4 /* PopularMoviesViewModel.swift */,
				B4A62CFB206990C700C757E4 /* PopularMoviesDefaultViewModel.swift */,
				B4A62CF7206990A100C757E4 /* PopularMoviesViewController.swift */,
				B4A62CFE2069910800C757E4 /* PopularMoviesTableViewCell.swift */,
				B4A8D8B4206AF7890046C6A5 /* PopularMoviesTableViewCell.xib */,
			);
			path = popularMovies;
			sourceTree = "<group>";
		};
		B4A62CF320698C5D00C757E4 /* others */ = {
			isa = PBXGroup;
			children = (
				B4A62CF520698CB500C757E4 /* db */,
				B4B00305206989CE00D0BE8A /* AppDelegate.swift */,
				B4B00314206989CE00D0BE8A /* Info.plist */,
			);
			path = others;
			sourceTree = "<group>";
		};
		B4A62CF420698C8700C757E4 /* resources */ = {
			isa = PBXGroup;
			children = (
				B4B0030F206989CE00D0BE8A /* Assets.xcassets */,
				B4B00311206989CE00D0BE8A /* LaunchScreen.storyboard */,
			);
			path = resources;
			sourceTree = "<group>";
		};
		B4A62CF520698CB500C757E4 /* db */ = {
			isa = PBXGroup;
			children = (
				B4B0030C206989CE00D0BE8A /* moviz.xcdatamodeld */,
			);
			path = db;
			sourceTree = "<group>";
		};
		B4A62CF62069908300C757E4 /* movie */ = {
			isa = PBXGroup;
			children = (
				B4A62D062069918B00C757E4 /* MovieCoordinator.swift */,
				B4A8D8B2206AF2400046C6A5 /* MovieViewModel.swift */,
				B4A62D022069917500C757E4 /* MovieViewController.swift */,
				B4A62D042069918100C757E4 /* MovieView.swift */,
				CF75644F206CCF7E00618AEC /* MovieView.xib */,
			);
			path = movie;
			sourceTree = "<group>";
		};
		B4A62D08206991D300C757E4 /* application */ = {
			isa = PBXGroup;
			children = (
				CF54CE41206D623800A4CB38 /* utility */,
				B4A62D09206991EB00C757E4 /* protocols */,
				B4A62D0D206992DB00C757E4 /* AppCoordinator.swift */,
			);
			path = application;
			sourceTree = "<group>";
		};
		B4A62D09206991EB00C757E4 /* protocols */ = {
			isa = PBXGroup;
			children = (
				B4A62D0B2069920100C757E4 /* Coordinator.swift */,
				B4A62D0F2069952A00C757E4 /* Rootable.swift */,
				B4A62D112069953200C757E4 /* Navigationable.swift */,
			);
			path = protocols;
			sourceTree = "<group>";
		};
		B4A62D132069A84000C757E4 /* model */ = {
			isa = PBXGroup;
			children = (
				B4A62D162069A9AD00C757E4 /* PopularMoviesData.swift */,
				B4A62D142069A86E00C757E4 /* FilmData.swift */,
			);
			path = model;
			sourceTree = "<group>";
		};
		B4B002F9206989CE00D0BE8A = {
			isa = PBXGroup;
			children = (
				B4B00304206989CE00D0BE8A /* moviz */,
				B4B0031C206989CE00D0BE8A /* movizTests */,
				B4B00327206989CE00D0BE8A /* movizUITests */,
				B4B00303206989CE00D0BE8A /* Products */,
				B4C4538A209CEF8D00DF7B5E /* Frameworks */,
			);
			sourceTree = "<group>";
		};
		B4B00303206989CE00D0BE8A /* Products */ = {
			isa = PBXGroup;
			children = (
				B4B00302206989CE00D0BE8A /* moviz.app */,
				B4B00319206989CE00D0BE8A /* movizTests.xctest */,
				B4B00324206989CE00D0BE8A /* movizUITests.xctest */,
			);
			name = Products;
			sourceTree = "<group>";
		};
		B4B00304206989CE00D0BE8A /* moviz */ = {
			isa = PBXGroup;
			children = (
				B4A62D08206991D300C757E4 /* application */,
				B4A62CF120698C2D00C757E4 /* services */,
				B4A62D132069A84000C757E4 /* model */,
				B4A62CF020698C1100C757E4 /* features */,
				B4A62CF320698C5D00C757E4 /* others */,
				B4A62CF420698C8700C757E4 /* resources */,
			);
			path = moviz;
			sourceTree = "<group>";
		};
		B4B0031C206989CE00D0BE8A /* movizTests */ = {
			isa = PBXGroup;
			children = (
				CF54CE4B206DA12900A4CB38 /* application */,
				CF54CE48206D9A7300A4CB38 /* utility */,
				CF54CE47206D9A5D00A4CB38 /* networking */,
				CF54CE4E206DA42800A4CB38 /* features */,
				B4B0031D206989CE00D0BE8A /* MovizTests.swift */,
				B4B0031F206989CE00D0BE8A /* Info.plist */,
			);
			path = movizTests;
			sourceTree = "<group>";
		};
		B4B00327206989CE00D0BE8A /* movizUITests */ = {
			isa = PBXGroup;
			children = (
				B4B00328206989CE00D0BE8A /* MovizUITests.swift */,
				B4B0032A206989CE00D0BE8A /* Info.plist */,
			);
			path = movizUITests;
			sourceTree = "<group>";
		};
		B4C45385209CEC3D00DF7B5E /* network */ = {
			isa = PBXGroup;
			children = (
				B457CB2F209DD4BF008BF570 /* dispatcher */,
				B457CB2D209DD4AC008BF570 /* request */,
				B457CB2E209DD4B5008BF570 /* resource */,
				B457CB26209DA90F008BF570 /* host */,
				B4C45395209D0DCB00DF7B5E /* NetworkService.swift */,
				B4C45397209D0E9400DF7B5E /* NetworkWebService.swift */,
			);
			path = network;
			sourceTree = "<group>";
		};
		B4C4538A209CEF8D00DF7B5E /* Frameworks */ = {
			isa = PBXGroup;
			children = (
				B4C4538B209CEF8D00DF7B5E /* RxCocoa.framework */,
				B4C4538C209CEF8D00DF7B5E /* RxSwift.framework */,
			);
			name = Frameworks;
			sourceTree = "<group>";
		};
		CF54CE41206D623800A4CB38 /* utility */ = {
			isa = PBXGroup;
			children = (
				CF54CE42206D625800A4CB38 /* AppDateFormatter.swift */,
			);
			path = utility;
			sourceTree = "<group>";
		};
		CF54CE47206D9A5D00A4CB38 /* networking */ = {
			isa = PBXGroup;
			children = (
				CFCF0640206E4E3400FF489B /* MoviesWebServiceTests.swift */,
				CFCF0642206E59F000FF489B /* NetworkDefaultRequesterTests.swift */,
				CFCF0644206E5D4700FF489B /* NetworkWebServiceTests.swift */,
			);
			path = networking;
			sourceTree = "<group>";
		};
		CF54CE48206D9A7300A4CB38 /* utility */ = {
			isa = PBXGroup;
			children = (
				CF54CE49206D9A8F00A4CB38 /* AppDateFormatterTests.swift */,
			);
			path = utility;
			sourceTree = "<group>";
		};
		CF54CE4B206DA12900A4CB38 /* application */ = {
			isa = PBXGroup;
			children = (
				CF54CE4C206DA13C00A4CB38 /* AppCoordinatorTests.swift */,
			);
			path = application;
			sourceTree = "<group>";
		};
		CF54CE4E206DA42800A4CB38 /* features */ = {
			isa = PBXGroup;
			children = (
				CF54CE4F206DA43000A4CB38 /* popularMovies */,
				CF54CE50206DA43800A4CB38 /* movie */,
			);
			path = features;
			sourceTree = "<group>";
		};
		CF54CE4F206DA43000A4CB38 /* popularMovies */ = {
			isa = PBXGroup;
			children = (
				CFCF063C206E4AB200FF489B /* PopularMoviesCoordinatorTests.swift */,
				CFCF063E206E4AC000FF489B /* PopularMoviesDefaultViewModelTests.swift */,
			);
			path = popularMovies;
			sourceTree = "<group>";
		};
		CF54CE50206DA43800A4CB38 /* movie */ = {
			isa = PBXGroup;
			children = (
				CF54CE51206DA48E00A4CB38 /* MovieCoordinatorTests.swift */,
				CFCF063A206E3F1B00FF489B /* MovieViewModelTests.swift */,
			);
			path = movie;
			sourceTree = "<group>";
		};
/* End PBXGroup section */

/* Begin PBXNativeTarget section */
		B4B00301206989CE00D0BE8A /* moviz */ = {
			isa = PBXNativeTarget;
			buildConfigurationList = B4B0032D206989CE00D0BE8A /* Build configuration list for PBXNativeTarget "moviz" */;
			buildPhases = (
				B4B002FE206989CE00D0BE8A /* Sources */,
				B4B002FF206989CE00D0BE8A /* Frameworks */,
				B4B00300206989CE00D0BE8A /* Resources */,
				B4A62CEE20698B9000C757E4 /* ShellScript */,
				B4A62CEF20698BA700C757E4 /* ShellScript */,
			);
			buildRules = (
			);
			dependencies = (
			);
			name = moviz;
			productName = moviz;
			productReference = B4B00302206989CE00D0BE8A /* moviz.app */;
			productType = "com.apple.product-type.application";
		};
		B4B00318206989CE00D0BE8A /* movizTests */ = {
			isa = PBXNativeTarget;
			buildConfigurationList = B4B00330206989CE00D0BE8A /* Build configuration list for PBXNativeTarget "movizTests" */;
			buildPhases = (
				B4B00315206989CE00D0BE8A /* Sources */,
				B4B00316206989CE00D0BE8A /* Frameworks */,
				B4B00317206989CE00D0BE8A /* Resources */,
			);
			buildRules = (
			);
			dependencies = (
				B4B0031B206989CE00D0BE8A /* PBXTargetDependency */,
			);
			name = movizTests;
			productName = movizTests;
			productReference = B4B00319206989CE00D0BE8A /* movizTests.xctest */;
			productType = "com.apple.product-type.bundle.unit-test";
		};
		B4B00323206989CE00D0BE8A /* movizUITests */ = {
			isa = PBXNativeTarget;
			buildConfigurationList = B4B00333206989CE00D0BE8A /* Build configuration list for PBXNativeTarget "movizUITests" */;
			buildPhases = (
				B4B00320206989CE00D0BE8A /* Sources */,
				B4B00321206989CE00D0BE8A /* Frameworks */,
				B4B00322206989CE00D0BE8A /* Resources */,
			);
			buildRules = (
			);
			dependencies = (
				B4B00326206989CE00D0BE8A /* PBXTargetDependency */,
			);
			name = movizUITests;
			productName = movizUITests;
			productReference = B4B00324206989CE00D0BE8A /* movizUITests.xctest */;
			productType = "com.apple.product-type.bundle.ui-testing";
		};
/* End PBXNativeTarget section */

/* Begin PBXProject section */
		B4B002FA206989CE00D0BE8A /* Project object */ = {
			isa = PBXProject;
			attributes = {
				LastSwiftUpdateCheck = 0920;
				LastUpgradeCheck = 0930;
				ORGANIZATIONNAME = "Jorge Moura";
				TargetAttributes = {
					B4B00301206989CE00D0BE8A = {
						CreatedOnToolsVersion = 9.2;
						ProvisioningStyle = Automatic;
					};
					B4B00318206989CE00D0BE8A = {
						CreatedOnToolsVersion = 9.2;
						ProvisioningStyle = Automatic;
						TestTargetID = B4B00301206989CE00D0BE8A;
					};
					B4B00323206989CE00D0BE8A = {
						CreatedOnToolsVersion = 9.2;
						ProvisioningStyle = Automatic;
						TestTargetID = B4B00301206989CE00D0BE8A;
					};
				};
			};
			buildConfigurationList = B4B002FD206989CE00D0BE8A /* Build configuration list for PBXProject "moviz" */;
			compatibilityVersion = "Xcode 8.0";
			developmentRegion = en;
			hasScannedForEncodings = 0;
			knownRegions = (
				en,
				Base,
			);
			mainGroup = B4B002F9206989CE00D0BE8A;
			productRefGroup = B4B00303206989CE00D0BE8A /* Products */;
			projectDirPath = "";
			projectRoot = "";
			targets = (
				B4B00301206989CE00D0BE8A /* moviz */,
				B4B00318206989CE00D0BE8A /* movizTests */,
				B4B00323206989CE00D0BE8A /* movizUITests */,
			);
		};
/* End PBXProject section */

/* Begin PBXResourcesBuildPhase section */
		B4B00300206989CE00D0BE8A /* Resources */ = {
			isa = PBXResourcesBuildPhase;
			buildActionMask = 2147483647;
			files = (
				B4A8D8B5206AF7890046C6A5 /* PopularMoviesTableViewCell.xib in Resources */,
				CF756450206CCF7E00618AEC /* MovieView.xib in Resources */,
				B4B00313206989CE00D0BE8A /* LaunchScreen.storyboard in Resources */,
				B4B00310206989CE00D0BE8A /* Assets.xcassets in Resources */,
			);
			runOnlyForDeploymentPostprocessing = 0;
		};
		B4B00317206989CE00D0BE8A /* Resources */ = {
			isa = PBXResourcesBuildPhase;
			buildActionMask = 2147483647;
			files = (
			);
			runOnlyForDeploymentPostprocessing = 0;
		};
		B4B00322206989CE00D0BE8A /* Resources */ = {
			isa = PBXResourcesBuildPhase;
			buildActionMask = 2147483647;
			files = (
			);
			runOnlyForDeploymentPostprocessing = 0;
		};
/* End PBXResourcesBuildPhase section */

/* Begin PBXShellScriptBuildPhase section */
		B4A62CEE20698B9000C757E4 /* ShellScript */ = {
			isa = PBXShellScriptBuildPhase;
			buildActionMask = 2147483647;
			files = (
			);
			inputPaths = (
			);
			outputPaths = (
			);
			runOnlyForDeploymentPostprocessing = 0;
			shellPath = /bin/sh;
			shellScript = "if which swiftlint >/dev/null; then\nswiftlint\nelse\necho \"warning: SwiftLint not installed, download from https://github.com/realm/SwiftLint\"\nfi";
		};
		B4A62CEF20698BA700C757E4 /* ShellScript */ = {
			isa = PBXShellScriptBuildPhase;
			buildActionMask = 2147483647;
			files = (
			);
			inputPaths = (
				"$(SRCROOT)/Carthage/Build/iOS/RxSwift.framework",
				"$(SRCROOT)/Carthage/Build/iOS/RxCocoa.framework",
			);
			outputPaths = (
				"$(BUILT_PRODUCTS_DIR)/$(FRAMEWORKS_FOLDER_PATH)/RxSwift.framework",
				"$(BUILT_PRODUCTS_DIR)/$(FRAMEWORKS_FOLDER_PATH)/RxCocoa.framework",
			);
			runOnlyForDeploymentPostprocessing = 0;
			shellPath = /bin/sh;
			shellScript = "/usr/local/bin/carthage copy-frameworks";
		};
/* End PBXShellScriptBuildPhase section */

/* Begin PBXSourcesBuildPhase section */
		B4B002FE206989CE00D0BE8A /* Sources */ = {
			isa = PBXSourcesBuildPhase;
			buildActionMask = 2147483647;
			files = (
				B4A62D0E206992DB00C757E4 /* AppCoordinator.swift in Sources */,
				B4B0030E206989CE00D0BE8A /* moviz.xcdatamodeld in Sources */,
				B4C45392209CF43100DF7B5E /* Resource.swift in Sources */,
				B457CB2A209DA93C008BF570 /* ImageServiceRemoteHost.swift in Sources */,
				B4A62D072069918B00C757E4 /* MovieCoordinator.swift in Sources */,
				B4C45390209CF0E000DF7B5E /* Request.swift in Sources */,
				B4A62D102069952A00C757E4 /* Rootable.swift in Sources */,
				B4A8D8AB206ADF8C0046C6A5 /* MoviesWebService.swift in Sources */,
				B4C45396209D0DCB00DF7B5E /* NetworkService.swift in Sources */,
				B4D6FBFE209F3F1C00E65198 /* FilmPosterWebService.swift in Sources */,
				B4C45398209D0E9400DF7B5E /* NetworkWebService.swift in Sources */,
				B4A62CFA206990AF00C757E4 /* PopularMoviesViewModel.swift in Sources */,
				B4C45389209CEC9E00DF7B5E /* NetworkHTTPDispatcher.swift in Sources */,
				B457CB25209DA4EF008BF570 /* JsonWebRequest.swift in Sources */,
				B4A62CF8206990A100C757E4 /* PopularMoviesViewController.swift in Sources */,
				B457CB28209DA92F008BF570 /* RemoteHost.swift in Sources */,
				B4D6FBFC209F3F1200E65198 /* FilmPosterService.swift in Sources */,
				B4A62D032069917500C757E4 /* MovieViewController.swift in Sources */,
				B4A8D8B3206AF2400046C6A5 /* MovieViewModel.swift in Sources */,
				B4C45387209CEC6000DF7B5E /* NetworkDispatcher.swift in Sources */,
				CF54CE43206D625800A4CB38 /* AppDateFormatter.swift in Sources */,
				B4A62D052069918100C757E4 /* MovieView.swift in Sources */,
				B4A62D0C2069920100C757E4 /* Coordinator.swift in Sources */,
				B4A62D172069A9AD00C757E4 /* PopularMoviesData.swift in Sources */,
				B457CB2C209DAA1E008BF570 /* RestRemoteHost.swift in Sources */,
				B4A62D122069953200C757E4 /* Navigationable.swift in Sources */,
				B4A62D152069A86E00C757E4 /* FilmData.swift in Sources */,
				B4A8D8A9206ADF850046C6A5 /* MoviesService.swift in Sources */,
				B4B00306206989CE00D0BE8A /* AppDelegate.swift in Sources */,
				B4A62CFF2069910800C757E4 /* PopularMoviesTableViewCell.swift in Sources */,
				B4A62D012069912700C757E4 /* PopularMoviesCoordinator.swift in Sources */,
				B4A62CFC206990C700C757E4 /* PopularMoviesDefaultViewModel.swift in Sources */,
			);
			runOnlyForDeploymentPostprocessing = 0;
		};
		B4B00315206989CE00D0BE8A /* Sources */ = {
			isa = PBXSourcesBuildPhase;
			buildActionMask = 2147483647;
			files = (
				CFCF063F206E4AC000FF489B /* PopularMoviesDefaultViewModelTests.swift in Sources */,
				CF54CE4A206D9A8F00A4CB38 /* AppDateFormatterTests.swift in Sources */,
				CF54CE52206DA48E00A4CB38 /* MovieCoordinatorTests.swift in Sources */,
				CFCF0645206E5D4700FF489B /* NetworkWebServiceTests.swift in Sources */,
				CFCF0641206E4E3400FF489B /* MoviesWebServiceTests.swift in Sources */,
				CFCF0643206E59F000FF489B /* NetworkDefaultRequesterTests.swift in Sources */,
				B4B0031E206989CE00D0BE8A /* MovizTests.swift in Sources */,
				CFCF063B206E3F1B00FF489B /* MovieViewModelTests.swift in Sources */,
				CF54CE4D206DA13C00A4CB38 /* AppCoordinatorTests.swift in Sources */,
				CFCF063D206E4AB200FF489B /* PopularMoviesCoordinatorTests.swift in Sources */,
			);
			runOnlyForDeploymentPostprocessing = 0;
		};
		B4B00320206989CE00D0BE8A /* Sources */ = {
			isa = PBXSourcesBuildPhase;
			buildActionMask = 2147483647;
			files = (
				B4B00329206989CE00D0BE8A /* MovizUITests.swift in Sources */,
			);
			runOnlyForDeploymentPostprocessing = 0;
		};
/* End PBXSourcesBuildPhase section */

/* Begin PBXTargetDependency section */
		B4B0031B206989CE00D0BE8A /* PBXTargetDependency */ = {
			isa = PBXTargetDependency;
			target = B4B00301206989CE00D0BE8A /* moviz */;
			targetProxy = B4B0031A206989CE00D0BE8A /* PBXContainerItemProxy */;
		};
		B4B00326206989CE00D0BE8A /* PBXTargetDependency */ = {
			isa = PBXTargetDependency;
			target = B4B00301206989CE00D0BE8A /* moviz */;
			targetProxy = B4B00325206989CE00D0BE8A /* PBXContainerItemProxy */;
		};
/* End PBXTargetDependency section */

/* Begin PBXVariantGroup section */
		B4B00311206989CE00D0BE8A /* LaunchScreen.storyboard */ = {
			isa = PBXVariantGroup;
			children = (
				B4B00312206989CE00D0BE8A /* Base */,
			);
			name = LaunchScreen.storyboard;
			sourceTree = "<group>";
		};
/* End PBXVariantGroup section */

/* Begin XCBuildConfiguration section */
		B4B0032B206989CE00D0BE8A /* Debug */ = {
			isa = XCBuildConfiguration;
			buildSettings = {
				ALWAYS_SEARCH_USER_PATHS = NO;
				CLANG_ANALYZER_NONNULL = YES;
				CLANG_ANALYZER_NUMBER_OBJECT_CONVERSION = YES_AGGRESSIVE;
				CLANG_CXX_LANGUAGE_STANDARD = "gnu++14";
				CLANG_CXX_LIBRARY = "libc++";
				CLANG_ENABLE_MODULES = YES;
				CLANG_ENABLE_OBJC_ARC = YES;
				CLANG_WARN_BLOCK_CAPTURE_AUTORELEASING = YES;
				CLANG_WARN_BOOL_CONVERSION = YES;
				CLANG_WARN_COMMA = YES;
				CLANG_WARN_CONSTANT_CONVERSION = YES;
				CLANG_WARN_DEPRECATED_OBJC_IMPLEMENTATIONS = YES;
				CLANG_WARN_DIRECT_OBJC_ISA_USAGE = YES_ERROR;
				CLANG_WARN_DOCUMENTATION_COMMENTS = YES;
				CLANG_WARN_EMPTY_BODY = YES;
				CLANG_WARN_ENUM_CONVERSION = YES;
				CLANG_WARN_INFINITE_RECURSION = YES;
				CLANG_WARN_INT_CONVERSION = YES;
				CLANG_WARN_NON_LITERAL_NULL_CONVERSION = YES;
				CLANG_WARN_OBJC_IMPLICIT_RETAIN_SELF = YES;
				CLANG_WARN_OBJC_LITERAL_CONVERSION = YES;
				CLANG_WARN_OBJC_ROOT_CLASS = YES_ERROR;
				CLANG_WARN_RANGE_LOOP_ANALYSIS = YES;
				CLANG_WARN_STRICT_PROTOTYPES = YES;
				CLANG_WARN_SUSPICIOUS_MOVE = YES;
				CLANG_WARN_UNGUARDED_AVAILABILITY = YES_AGGRESSIVE;
				CLANG_WARN_UNREACHABLE_CODE = YES;
				CLANG_WARN__DUPLICATE_METHOD_MATCH = YES;
				CODE_SIGN_IDENTITY = "iPhone Developer";
				COPY_PHASE_STRIP = NO;
				DEBUG_INFORMATION_FORMAT = dwarf;
				ENABLE_STRICT_OBJC_MSGSEND = YES;
				ENABLE_TESTABILITY = YES;
				GCC_C_LANGUAGE_STANDARD = gnu11;
				GCC_DYNAMIC_NO_PIC = NO;
				GCC_NO_COMMON_BLOCKS = YES;
				GCC_OPTIMIZATION_LEVEL = 0;
				GCC_PREPROCESSOR_DEFINITIONS = (
					"DEBUG=1",
					"$(inherited)",
				);
				GCC_WARN_64_TO_32_BIT_CONVERSION = YES;
				GCC_WARN_ABOUT_RETURN_TYPE = YES_ERROR;
				GCC_WARN_UNDECLARED_SELECTOR = YES;
				GCC_WARN_UNINITIALIZED_AUTOS = YES_AGGRESSIVE;
				GCC_WARN_UNUSED_FUNCTION = YES;
				GCC_WARN_UNUSED_VARIABLE = YES;
				IPHONEOS_DEPLOYMENT_TARGET = 11.2;
				MTL_ENABLE_DEBUG_INFO = YES;
				ONLY_ACTIVE_ARCH = YES;
				SDKROOT = iphoneos;
				SWIFT_ACTIVE_COMPILATION_CONDITIONS = DEBUG;
				SWIFT_OPTIMIZATION_LEVEL = "-Onone";
			};
			name = Debug;
		};
		B4B0032C206989CE00D0BE8A /* Release */ = {
			isa = XCBuildConfiguration;
			buildSettings = {
				ALWAYS_SEARCH_USER_PATHS = NO;
				CLANG_ANALYZER_NONNULL = YES;
				CLANG_ANALYZER_NUMBER_OBJECT_CONVERSION = YES_AGGRESSIVE;
				CLANG_CXX_LANGUAGE_STANDARD = "gnu++14";
				CLANG_CXX_LIBRARY = "libc++";
				CLANG_ENABLE_MODULES = YES;
				CLANG_ENABLE_OBJC_ARC = YES;
				CLANG_WARN_BLOCK_CAPTURE_AUTORELEASING = YES;
				CLANG_WARN_BOOL_CONVERSION = YES;
				CLANG_WARN_COMMA = YES;
				CLANG_WARN_CONSTANT_CONVERSION = YES;
				CLANG_WARN_DEPRECATED_OBJC_IMPLEMENTATIONS = YES;
				CLANG_WARN_DIRECT_OBJC_ISA_USAGE = YES_ERROR;
				CLANG_WARN_DOCUMENTATION_COMMENTS = YES;
				CLANG_WARN_EMPTY_BODY = YES;
				CLANG_WARN_ENUM_CONVERSION = YES;
				CLANG_WARN_INFINITE_RECURSION = YES;
				CLANG_WARN_INT_CONVERSION = YES;
				CLANG_WARN_NON_LITERAL_NULL_CONVERSION = YES;
				CLANG_WARN_OBJC_IMPLICIT_RETAIN_SELF = YES;
				CLANG_WARN_OBJC_LITERAL_CONVERSION = YES;
				CLANG_WARN_OBJC_ROOT_CLASS = YES_ERROR;
				CLANG_WARN_RANGE_LOOP_ANALYSIS = YES;
				CLANG_WARN_STRICT_PROTOTYPES = YES;
				CLANG_WARN_SUSPICIOUS_MOVE = YES;
				CLANG_WARN_UNGUARDED_AVAILABILITY = YES_AGGRESSIVE;
				CLANG_WARN_UNREACHABLE_CODE = YES;
				CLANG_WARN__DUPLICATE_METHOD_MATCH = YES;
				CODE_SIGN_IDENTITY = "iPhone Developer";
				COPY_PHASE_STRIP = NO;
				DEBUG_INFORMATION_FORMAT = "dwarf-with-dsym";
				ENABLE_NS_ASSERTIONS = NO;
				ENABLE_STRICT_OBJC_MSGSEND = YES;
				GCC_C_LANGUAGE_STANDARD = gnu11;
				GCC_NO_COMMON_BLOCKS = YES;
				GCC_WARN_64_TO_32_BIT_CONVERSION = YES;
				GCC_WARN_ABOUT_RETURN_TYPE = YES_ERROR;
				GCC_WARN_UNDECLARED_SELECTOR = YES;
				GCC_WARN_UNINITIALIZED_AUTOS = YES_AGGRESSIVE;
				GCC_WARN_UNUSED_FUNCTION = YES;
				GCC_WARN_UNUSED_VARIABLE = YES;
				IPHONEOS_DEPLOYMENT_TARGET = 11.2;
				MTL_ENABLE_DEBUG_INFO = NO;
				SDKROOT = iphoneos;
				SWIFT_OPTIMIZATION_LEVEL = "-Owholemodule";
				VALIDATE_PRODUCT = YES;
			};
			name = Release;
		};
		B4B0032E206989CE00D0BE8A /* Debug */ = {
			isa = XCBuildConfiguration;
			buildSettings = {
				ASSETCATALOG_COMPILER_APPICON_NAME = AppIcon;
				CODE_SIGN_STYLE = Automatic;
				DEVELOPMENT_TEAM = 6CHZFW8V57;
				FRAMEWORK_SEARCH_PATHS = (
					"$(inherited)",
					"$(PROJECT_DIR)/Carthage/Build/iOS",
				);
				INFOPLIST_FILE = moviz/others/Info.plist;
				LD_RUNPATH_SEARCH_PATHS = "$(inherited) @executable_path/Frameworks";
				PRODUCT_BUNDLE_IDENTIFIER = com.jjorgemoura.moviz;
				PRODUCT_NAME = "$(TARGET_NAME)";
				SWIFT_VERSION = 4.0;
				TARGETED_DEVICE_FAMILY = "1,2";
			};
			name = Debug;
		};
		B4B0032F206989CE00D0BE8A /* Release */ = {
			isa = XCBuildConfiguration;
			buildSettings = {
				ASSETCATALOG_COMPILER_APPICON_NAME = AppIcon;
				CODE_SIGN_STYLE = Automatic;
				DEVELOPMENT_TEAM = 6CHZFW8V57;
				FRAMEWORK_SEARCH_PATHS = (
					"$(inherited)",
					"$(PROJECT_DIR)/Carthage/Build/iOS",
				);
				INFOPLIST_FILE = moviz/others/Info.plist;
				LD_RUNPATH_SEARCH_PATHS = "$(inherited) @executable_path/Frameworks";
				PRODUCT_BUNDLE_IDENTIFIER = com.jjorgemoura.moviz;
				PRODUCT_NAME = "$(TARGET_NAME)";
				SWIFT_VERSION = 4.0;
				TARGETED_DEVICE_FAMILY = "1,2";
			};
			name = Release;
		};
		B4B00331206989CE00D0BE8A /* Debug */ = {
			isa = XCBuildConfiguration;
			buildSettings = {
				ALWAYS_EMBED_SWIFT_STANDARD_LIBRARIES = YES;
				BUNDLE_LOADER = "$(TEST_HOST)";
				CODE_SIGN_STYLE = Automatic;
				DEVELOPMENT_TEAM = 6CHZFW8V57;
				INFOPLIST_FILE = movizTests/Info.plist;
				LD_RUNPATH_SEARCH_PATHS = "$(inherited) @executable_path/Frameworks @loader_path/Frameworks";
				PRODUCT_BUNDLE_IDENTIFIER = com.jjorgemoura.movizTests;
				PRODUCT_NAME = "$(TARGET_NAME)";
				SWIFT_VERSION = 4.0;
				TARGETED_DEVICE_FAMILY = "1,2";
				TEST_HOST = "$(BUILT_PRODUCTS_DIR)/moviz.app/moviz";
			};
			name = Debug;
		};
		B4B00332206989CE00D0BE8A /* Release */ = {
			isa = XCBuildConfiguration;
			buildSettings = {
				ALWAYS_EMBED_SWIFT_STANDARD_LIBRARIES = YES;
				BUNDLE_LOADER = "$(TEST_HOST)";
				CODE_SIGN_STYLE = Automatic;
				DEVELOPMENT_TEAM = 6CHZFW8V57;
				INFOPLIST_FILE = movizTests/Info.plist;
				LD_RUNPATH_SEARCH_PATHS = "$(inherited) @executable_path/Frameworks @loader_path/Frameworks";
				PRODUCT_BUNDLE_IDENTIFIER = com.jjorgemoura.movizTests;
				PRODUCT_NAME = "$(TARGET_NAME)";
				SWIFT_VERSION = 4.0;
				TARGETED_DEVICE_FAMILY = "1,2";
				TEST_HOST = "$(BUILT_PRODUCTS_DIR)/moviz.app/moviz";
			};
			name = Release;
		};
		B4B00334206989CE00D0BE8A /* Debug */ = {
			isa = XCBuildConfiguration;
			buildSettings = {
				ALWAYS_EMBED_SWIFT_STANDARD_LIBRARIES = YES;
				CODE_SIGN_STYLE = Automatic;
				DEVELOPMENT_TEAM = 6CHZFW8V57;
				INFOPLIST_FILE = movizUITests/Info.plist;
				LD_RUNPATH_SEARCH_PATHS = "$(inherited) @executable_path/Frameworks @loader_path/Frameworks";
				PRODUCT_BUNDLE_IDENTIFIER = com.jjorgemoura.movizUITests;
				PRODUCT_NAME = "$(TARGET_NAME)";
				SWIFT_VERSION = 4.0;
				TARGETED_DEVICE_FAMILY = "1,2";
				TEST_TARGET_NAME = moviz;
			};
			name = Debug;
		};
		B4B00335206989CE00D0BE8A /* Release */ = {
			isa = XCBuildConfiguration;
			buildSettings = {
				ALWAYS_EMBED_SWIFT_STANDARD_LIBRARIES = YES;
				CODE_SIGN_STYLE = Automatic;
				DEVELOPMENT_TEAM = 6CHZFW8V57;
				INFOPLIST_FILE = movizUITests/Info.plist;
				LD_RUNPATH_SEARCH_PATHS = "$(inherited) @executable_path/Frameworks @loader_path/Frameworks";
				PRODUCT_BUNDLE_IDENTIFIER = com.jjorgemoura.movizUITests;
				PRODUCT_NAME = "$(TARGET_NAME)";
				SWIFT_VERSION = 4.0;
				TARGETED_DEVICE_FAMILY = "1,2";
				TEST_TARGET_NAME = moviz;
			};
			name = Release;
		};
/* End XCBuildConfiguration section */

/* Begin XCConfigurationList section */
		B4B002FD206989CE00D0BE8A /* Build configuration list for PBXProject "moviz" */ = {
			isa = XCConfigurationList;
			buildConfigurations = (
				B4B0032B206989CE00D0BE8A /* Debug */,
				B4B0032C206989CE00D0BE8A /* Release */,
			);
			defaultConfigurationIsVisible = 0;
			defaultConfigurationName = Release;
		};
		B4B0032D206989CE00D0BE8A /* Build configuration list for PBXNativeTarget "moviz" */ = {
			isa = XCConfigurationList;
			buildConfigurations = (
				B4B0032E206989CE00D0BE8A /* Debug */,
				B4B0032F206989CE00D0BE8A /* Release */,
			);
			defaultConfigurationIsVisible = 0;
			defaultConfigurationName = Release;
		};
		B4B00330206989CE00D0BE8A /* Build configuration list for PBXNativeTarget "movizTests" */ = {
			isa = XCConfigurationList;
			buildConfigurations = (
				B4B00331206989CE00D0BE8A /* Debug */,
				B4B00332206989CE00D0BE8A /* Release */,
			);
			defaultConfigurationIsVisible = 0;
			defaultConfigurationName = Release;
		};
		B4B00333206989CE00D0BE8A /* Build configuration list for PBXNativeTarget "movizUITests" */ = {
			isa = XCConfigurationList;
			buildConfigurations = (
				B4B00334206989CE00D0BE8A /* Debug */,
				B4B00335206989CE00D0BE8A /* Release */,
			);
			defaultConfigurationIsVisible = 0;
			defaultConfigurationName = Release;
		};
/* End XCConfigurationList section */

/* Begin XCVersionGroup section */
		B4B0030C206989CE00D0BE8A /* moviz.xcdatamodeld */ = {
			isa = XCVersionGroup;
			children = (
				B4B0030D206989CE00D0BE8A /* moviz.xcdatamodel */,
			);
			currentVersion = B4B0030D206989CE00D0BE8A /* moviz.xcdatamodel */;
			path = moviz.xcdatamodeld;
			sourceTree = "<group>";
			versionGroupType = wrapper.xcdatamodel;
		};
/* End XCVersionGroup section */
	};
	rootObject = B4B002FA206989CE00D0BE8A /* Project object */;
}
